
Microsoft Visual Studio Solution File, Format Version 12.00
# Visual Studio Version 16
VisualStudioVersion = 16.0.31105.61
MinimumVisualStudioVersion = 10.0.40219.1
Project("{9A19103F-16F7-4668-BE54-9A1E7A4F7556}") = "DotNetClient", "DotNetClient\DotNetClient.csproj", "{F4EA6782-8220-4F3E-8C2A-5962902DF519}"
EndProject
Project("{888888A0-9F3D-457C-B088-3A5042F75D52}") = "PythonServer", "PythonServer\PythonServer.pyproj", "{958EE9BB-8588-46BA-A73E-79B4178D055E}"
EndProject
Project("{FAE04EC0-301F-11D3-BF4B-00C04F79EFBC}") = "ClientBCLTest", "ClientBCLTest\ClientBCLTest.csproj", "{FF0DFD28-AB9B-4E15-89C6-05C147A80A27}"
EndProject
Project("{FAE04EC0-301F-11D3-BF4B-00C04F79EFBC}") = "ClientBCL", "ClientBCL\ClientBCL.csproj", "{FAD4354A-8C97-412F-9B27-55B52FA21A92}"
EndProject
Global
	GlobalSection(SolutionConfigurationPlatforms) = preSolution
		Debug|Any CPU = Debug|Any CPU
		Release|Any CPU = Release|Any CPU
	EndGlobalSection
	GlobalSection(ProjectConfigurationPlatforms) = postSolution
		{F4EA6782-8220-4F3E-8C2A-5962902DF519}.Debug|Any CPU.ActiveCfg = Debug|Any CPU
		{F4EA6782-8220-4F3E-8C2A-5962902DF519}.Debug|Any CPU.Build.0 = Debug|Any CPU
		{F4EA6782-8220-4F3E-8C2A-5962902DF519}.Release|Any CPU.ActiveCfg = Release|Any CPU
		{F4EA6782-8220-4F3E-8C2A-5962902DF519}.Release|Any CPU.Build.0 = Release|Any CPU
		{958EE9BB-8588-46BA-A73E-79B4178D055E}.Debug|Any CPU.ActiveCfg = Debug|Any CPU
		{958EE9BB-8588-46BA-A73E-79B4178D055E}.Release|Any CPU.ActiveCfg = Release|Any CPU
		{FF0DFD28-AB9B-4E15-89C6-05C147A80A27}.Debug|Any CPU.ActiveCfg = Debug|Any CPU
		{FF0DFD28-AB9B-4E15-89C6-05C147A80A27}.Debug|Any CPU.Build.0 = Debug|Any CPU
		{FF0DFD28-AB9B-4E15-89C6-05C147A80A27}.Release|Any CPU.ActiveCfg = Release|Any CPU
		{FF0DFD28-AB9B-4E15-89C6-05C147A80A27}.Release|Any CPU.Build.0 = Release|Any CPU
		{FAD4354A-8C97-412F-9B27-55B52FA21A92}.Debug|Any CPU.ActiveCfg = Debug|Any CPU
		{FAD4354A-8C97-412F-9B27-55B52FA21A92}.Debug|Any CPU.Build.0 = Debug|Any CPU
		{FAD4354A-8C97-412F-9B27-55B52FA21A92}.Release|Any CPU.ActiveCfg = Release|Any CPU
		{FAD4354A-8C97-412F-9B27-55B52FA21A92}.Release|Any CPU.Build.0 = Release|Any CPU
	EndGlobalSection
	GlobalSection(SolutionProperties) = preSolution
		HideSolutionNode = FALSE
	EndGlobalSection
	GlobalSection(ExtensibilityGlobals) = postSolution
		SolutionGuid = {06B2F7AF-9082-46B8-8755-988A0D5A47DB}
	EndGlobalSection
EndGlobal
